
Microsoft Visual Studio Solution File, Format Version 12.00
# Visual Studio 15
VisualStudioVersion = 15.0.28307.705
MinimumVisualStudioVersion = 10.0.40219.1
Project("{8BC9CEB8-8B4A-11D0-8D11-00A0C91BC942}") = "Project1", "Project1\Project1.vcxproj", "{A68BB6F8-2F39-493D-AE21-79E0DD0D908D}"
	ProjectSection(ProjectDependencies) = postProject
		{5907E913-E23A-4CA4-9F14-05B6C3A23DC5} = {5907E913-E23A-4CA4-9F14-05B6C3A23DC5}
	EndProjectSection
EndProject
Project("{8BC9CEB8-8B4A-11D0-8D11-00A0C91BC942}") = "amg_sdk", "amg_sdk\amg_sdk.vcxproj", "{5907E913-E23A-4CA4-9F14-05B6C3A23DC5}"
EndProject
Global
	GlobalSection(SolutionConfigurationPlatforms) = preSolution
		Debug|x64 = Debug|x64
		Debug|x86 = Debug|x86
		Release|x64 = Release|x64
		Release|x86 = Release|x86
	EndGlobalSection
	GlobalSection(ProjectConfigurationPlatforms) = postSolution
		{A68BB6F8-2F39-493D-AE21-79E0DD0D908D}.Debug|x64.ActiveCfg = Debug|x64
		{A68BB6F8-2F39-493D-AE21-79E0DD0D908D}.Debug|x64.Build.0 = Debug|x64
		{A68BB6F8-2F39-493D-AE21-79E0DD0D908D}.Debug|x86.ActiveCfg = Debug|Win32
		{A68BB6F8-2F39-493D-AE21-79E0DD0D908D}.Debug|x86.Build.0 = Debug|Win32
		{A68BB6F8-2F39-493D-AE21-79E0DD0D908D}.Release|x64.ActiveCfg = Release|x64
		{A68BB6F8-2F39-493D-AE21-79E0DD0D908D}.Release|x64.Build.0 = Release|x64
		{A68BB6F8-2F39-493D-AE21-79E0DD0D908D}.Release|x86.ActiveCfg = Release|Win32
		{A68BB6F8-2F39-493D-AE21-79E0DD0D908D}.Release|x86.Build.0 = Release|Win32
		{5907E913-E23A-4CA4-9F14-05B6C3A23DC5}.Debug|x64.ActiveCfg = Debug|x64
		{5907E913-E23A-4CA4-9F14-05B6C3A23DC5}.Debug|x64.Build.0 = Debug|x64
		{5907E913-E23A-4CA4-9F14-05B6C3A23DC5}.Debug|x86.ActiveCfg = Debug|Win32
		{5907E913-E23A-4CA4-9F14-05B6C3A23DC5}.Debug|x86.Build.0 = Debug|Win32
		{5907E913-E23A-4CA4-9F14-05B6C3A23DC5}.Release|x64.ActiveCfg = Release|x64
		{5907E913-E23A-4CA4-9F14-05B6C3A23DC5}.Release|x64.Build.0 = Release|x64
		{5907E913-E23A-4CA4-9F14-05B6C3A23DC5}.Release|x86.ActiveCfg = Release|Win32
		{5907E913-E23A-4CA4-9F14-05B6C3A23DC5}.Release|x86.Build.0 = Release|Win32
	EndGlobalSection
	GlobalSection(SolutionProperties) = preSolution
		HideSolutionNode = FALSE
	EndGlobalSection
	GlobalSection(ExtensibilityGlobals) = postSolution
		SolutionGuid = {9319E2E3-A36D-419D-A7E9-7E076CC5F9B7}
	EndGlobalSection
EndGlobal
